
Microsoft Visual Studio Solution File, Format Version 12.00
# Visual Studio Version 17
VisualStudioVersion = 17.5.33516.290
MinimumVisualStudioVersion = 10.0.40219.1
Project("{9A19103F-16F7-4668-BE54-9A1E7A4F7556}") = "newHouseCommittee", "newHouseCommittee\newHouseCommittee.csproj", "{98E2C6CC-6DB0-4F2C-8B79-4C007FF5560A}"
EndProject
Project("{9A19103F-16F7-4668-BE54-9A1E7A4F7556}") = "UnitTest", "UnitTest\UnitTest.csproj", "{5516CF69-A3E2-4829-85FA-B9F6821063AA}"
EndProject
Project("{2150E333-8FDC-42A3-9474-1A3956D46DE8}") = "Solution Items", "Solution Items", "{5434E120-6686-4D67-AEED-629B7CD48961}"
	ProjectSection(SolutionItems) = preProject
		.editorconfig = .editorconfig
	EndProjectSection
EndProject
Project("{FAE04EC0-301F-11D3-BF4B-00C04F79EFBC}") = "Solid.Core", "Solid.Core\Solid.Core.csproj", "{380FBA59-0164-427B-82DD-84CF02C1E431}"
EndProject
Project("{FAE04EC0-301F-11D3-BF4B-00C04F79EFBC}") = "Solid.Data", "Solid.Data\Solid.Data.csproj", "{8972D4B6-2A8C-485A-A87D-A2C35D270FCB}"
EndProject
Project("{FAE04EC0-301F-11D3-BF4B-00C04F79EFBC}") = "Solid.Service", "Solid.Service\Solid.Service.csproj", "{B9228F36-CD55-4D4C-A539-03363566A7D8}"
EndProject
Global
	GlobalSection(SolutionConfigurationPlatforms) = preSolution
		Debug|Any CPU = Debug|Any CPU
		Release|Any CPU = Release|Any CPU
	EndGlobalSection
	GlobalSection(ProjectConfigurationPlatforms) = postSolution
		{98E2C6CC-6DB0-4F2C-8B79-4C007FF5560A}.Debug|Any CPU.ActiveCfg = Debug|Any CPU
		{98E2C6CC-6DB0-4F2C-8B79-4C007FF5560A}.Debug|Any CPU.Build.0 = Debug|Any CPU
		{98E2C6CC-6DB0-4F2C-8B79-4C007FF5560A}.Release|Any CPU.ActiveCfg = Release|Any CPU
		{98E2C6CC-6DB0-4F2C-8B79-4C007FF5560A}.Release|Any CPU.Build.0 = Release|Any CPU
		{5516CF69-A3E2-4829-85FA-B9F6821063AA}.Debug|Any CPU.ActiveCfg = Debug|Any CPU
		{5516CF69-A3E2-4829-85FA-B9F6821063AA}.Debug|Any CPU.Build.0 = Debug|Any CPU
		{5516CF69-A3E2-4829-85FA-B9F6821063AA}.Release|Any CPU.ActiveCfg = Release|Any CPU
		{5516CF69-A3E2-4829-85FA-B9F6821063AA}.Release|Any CPU.Build.0 = Release|Any CPU
		{380FBA59-0164-427B-82DD-84CF02C1E431}.Debug|Any CPU.ActiveCfg = Debug|Any CPU
		{380FBA59-0164-427B-82DD-84CF02C1E431}.Debug|Any CPU.Build.0 = Debug|Any CPU
		{380FBA59-0164-427B-82DD-84CF02C1E431}.Release|Any CPU.ActiveCfg = Release|Any CPU
		{380FBA59-0164-427B-82DD-84CF02C1E431}.Release|Any CPU.Build.0 = Release|Any CPU
		{8972D4B6-2A8C-485A-A87D-A2C35D270FCB}.Debug|Any CPU.ActiveCfg = Debug|Any CPU
		{8972D4B6-2A8C-485A-A87D-A2C35D270FCB}.Debug|Any CPU.Build.0 = Debug|Any CPU
		{8972D4B6-2A8C-485A-A87D-A2C35D270FCB}.Release|Any CPU.ActiveCfg = Release|Any CPU
		{8972D4B6-2A8C-485A-A87D-A2C35D270FCB}.Release|Any CPU.Build.0 = Release|Any CPU
		{B9228F36-CD55-4D4C-A539-03363566A7D8}.Debug|Any CPU.ActiveCfg = Debug|Any CPU
		{B9228F36-CD55-4D4C-A539-03363566A7D8}.Debug|Any CPU.Build.0 = Debug|Any CPU
		{B9228F36-CD55-4D4C-A539-03363566A7D8}.Release|Any CPU.ActiveCfg = Release|Any CPU
		{B9228F36-CD55-4D4C-A539-03363566A7D8}.Release|Any CPU.Build.0 = Release|Any CPU
	EndGlobalSection
	GlobalSection(SolutionProperties) = preSolution
		HideSolutionNode = FALSE
	EndGlobalSection
	GlobalSection(ExtensibilityGlobals) = postSolution
		SolutionGuid = {42528572-3277-43E6-8C37-00F3A1825A3E}
	EndGlobalSection
EndGlobal
